
Microsoft Visual Studio Solution File, Format Version 11.00
# Visual Studio 2010
Project("{FAE04EC0-301F-11D3-BF4B-00C04F79EFBC}") = "Anatomy_skull", "Assembly-CSharp.csproj", "{83B4AE18-DED2-A657-8323-ABFD93BF610E}"
EndProject
Project("{FAE04EC0-301F-11D3-BF4B-00C04F79EFBC}") = "Anatomy_skull", "Assembly-CSharp-Editor.csproj", "{748CA0C2-61D1-56EB-F2E9-C98D1929419F}"
EndProject
Global
	GlobalSection(SolutionConfigurationPlatforms) = preSolution
		Debug|Any CPU = Debug|Any CPU
		Release|Any CPU = Release|Any CPU
	EndGlobalSection
	GlobalSection(ProjectConfigurationPlatforms) = postSolution
		{83B4AE18-DED2-A657-8323-ABFD93BF610E}.Debug|Any CPU.ActiveCfg = Debug|Any CPU
		{83B4AE18-DED2-A657-8323-ABFD93BF610E}.Debug|Any CPU.Build.0 = Debug|Any CPU
		{83B4AE18-DED2-A657-8323-ABFD93BF610E}.Release|Any CPU.ActiveCfg = Release|Any CPU
		{83B4AE18-DED2-A657-8323-ABFD93BF610E}.Release|Any CPU.Build.0 = Release|Any CPU
		{748CA0C2-61D1-56EB-F2E9-C98D1929419F}.Debug|Any CPU.ActiveCfg = Debug|Any CPU
		{748CA0C2-61D1-56EB-F2E9-C98D1929419F}.Debug|Any CPU.Build.0 = Debug|Any CPU
		{748CA0C2-61D1-56EB-F2E9-C98D1929419F}.Release|Any CPU.ActiveCfg = Release|Any CPU
		{748CA0C2-61D1-56EB-F2E9-C98D1929419F}.Release|Any CPU.Build.0 = Release|Any CPU
	EndGlobalSection
	GlobalSection(SolutionProperties) = preSolution
		HideSolutionNode = FALSE
	EndGlobalSection
	GlobalSection(MonoDevelopProperties) = preSolution
		StartupItem = Assembly-CSharp.csproj
	EndGlobalSection
EndGlobal
